{
  "name": "package.json",
  "version": "1.0.0",
  "lockfileVersion": 1,
  "requires": true,
  "dependencies": {
    "jquery": {
      "version": "3.3.1",
      "resolved": "https://registry.npmjs.org/jquery/-/jquery-3.3.1.tgz",
      "integrity": "sha512-Ubldcmxp5np52/ENotGxlLe6aGMvmF4R8S6tZjsP6Knsaxd/xp3Zrh50cG93lR6nPXyUFwzN3ZSOQI0wRJNdGg=="
    },
    "jquery-json": {
      "version": "2.6.0",
      "resolved": "https://registry.npmjs.org/jquery-json/-/jquery-json-2.6.0.tgz",
      "integrity": "sha1-FOYLplhvnllQWjC2k5nCC9fV2Yw="
    },
    "verto": {
      "version": "0.1.1",
      "resolved": "https://registry.npmjs.org/verto/-/verto-0.1.1.tgz",
      "integrity": "sha512-8XRA8ET6AfBJt7qCJO+05FNDHhUER2xvZN8GN92xAKJE2vaYGqCm6PF+3pY6axbUYixAtNgx+Ms8kZrYyc8FEg=="
    }
  }
}
